
Microsoft Visual Studio Solution File, Format Version 12.00
# Visual Studio Version 16
VisualStudioVersion = 16.0.31025.194
MinimumVisualStudioVersion = 10.0.40219.1
Project("{FAE04EC0-301F-11D3-BF4B-00C04F79EFBC}") = "ARS(Air Radar Simulator)", "ARS(Air Radar Simulator)\ARS(Air Radar Simulator).csproj", "{79076308-082B-4FBD-A510-45E2E863EED7}"
EndProject
Global
	GlobalSection(SolutionConfigurationPlatforms) = preSolution
		Debug|Any CPU = Debug|Any CPU
		Release|Any CPU = Release|Any CPU
	EndGlobalSection
	GlobalSection(ProjectConfigurationPlatforms) = postSolution
		{79076308-082B-4FBD-A510-45E2E863EED7}.Debug|Any CPU.ActiveCfg = Debug|Any CPU
		{79076308-082B-4FBD-A510-45E2E863EED7}.Debug|Any CPU.Build.0 = Debug|Any CPU
		{79076308-082B-4FBD-A510-45E2E863EED7}.Release|Any CPU.ActiveCfg = Release|Any CPU
		{79076308-082B-4FBD-A510-45E2E863EED7}.Release|Any CPU.Build.0 = Release|Any CPU
	EndGlobalSection
	GlobalSection(SolutionProperties) = preSolution
		HideSolutionNode = FALSE
	EndGlobalSection
	GlobalSection(ExtensibilityGlobals) = postSolution
		SolutionGuid = {6EE70A57-A8B9-45A9-B722-320B00F17BDC}
	EndGlobalSection
EndGlobal
